
Microsoft Visual Studio Solution File, Format Version 12.00
# Visual Studio Version 17
VisualStudioVersion = 17.14.36025.13 d17.14
MinimumVisualStudioVersion = 10.0.40219.1
Project("{FAE04EC0-301F-11D3-BF4B-00C04F79EFBC}") = "SevillaDotNetMCPClient", "SevillaDotNetMCPClient.csproj", "{2170D706-7B51-4BFD-802C-BE262EE65F72}"
EndProject
Global
	GlobalSection(SolutionConfigurationPlatforms) = preSolution
		Debug|Any CPU = Debug|Any CPU
		Release|Any CPU = Release|Any CPU
	EndGlobalSection
	GlobalSection(ProjectConfigurationPlatforms) = postSolution
		{2170D706-7B51-4BFD-802C-BE262EE65F72}.Debug|Any CPU.ActiveCfg = Debug|Any CPU
		{2170D706-7B51-4BFD-802C-BE262EE65F72}.Debug|Any CPU.Build.0 = Debug|Any CPU
		{2170D706-7B51-4BFD-802C-BE262EE65F72}.Release|Any CPU.ActiveCfg = Release|Any CPU
		{2170D706-7B51-4BFD-802C-BE262EE65F72}.Release|Any CPU.Build.0 = Release|Any CPU
	EndGlobalSection
	GlobalSection(SolutionProperties) = preSolution
		HideSolutionNode = FALSE
	EndGlobalSection
	GlobalSection(ExtensibilityGlobals) = postSolution
		SolutionGuid = {E2347292-2424-4E70-A4D1-46D5AA376D18}
	EndGlobalSection
EndGlobal
