
Microsoft Visual Studio Solution File, Format Version 12.00
# Visual Studio Version 17
VisualStudioVersion = 17.14.36025.13 d17.14
MinimumVisualStudioVersion = 10.0.40219.1
Project("{FAE04EC0-301F-11D3-BF4B-00C04F79EFBC}") = "SevillaDotNetMCPServer", "SevillaDotNetMCPServer.csproj", "{4D985003-953B-4CA9-9564-E95DBDFD015F}"
EndProject
Global
	GlobalSection(SolutionConfigurationPlatforms) = preSolution
		Debug|Any CPU = Debug|Any CPU
		Release|Any CPU = Release|Any CPU
	EndGlobalSection
	GlobalSection(ProjectConfigurationPlatforms) = postSolution
		{4D985003-953B-4CA9-9564-E95DBDFD015F}.Debug|Any CPU.ActiveCfg = Debug|Any CPU
		{4D985003-953B-4CA9-9564-E95DBDFD015F}.Debug|Any CPU.Build.0 = Debug|Any CPU
		{4D985003-953B-4CA9-9564-E95DBDFD015F}.Release|Any CPU.ActiveCfg = Release|Any CPU
		{4D985003-953B-4CA9-9564-E95DBDFD015F}.Release|Any CPU.Build.0 = Release|Any CPU
	EndGlobalSection
	GlobalSection(SolutionProperties) = preSolution
		HideSolutionNode = FALSE
	EndGlobalSection
	GlobalSection(ExtensibilityGlobals) = postSolution
		SolutionGuid = {F32F0922-02DF-4EFE-9315-29F4FCB45F8E}
	EndGlobalSection
EndGlobal
